// !$*UTF8*$!
{
	archiveVersion = 1;
	classes = {
	};
	objectVersion = 48;
	objects = {

/* Begin PBXBuildFile section */
		28AA10071FCFD2E20041505E /* AppDelegate.swift in Sources */ = {isa = PBXBuildFile; fileRef = 28AA10061FCFD2E20041505E /* AppDelegate.swift */; };
		28AA10091FCFD2E20041505E /* ViewController.swift in Sources */ = {isa = PBXBuildFile; fileRef = 28AA10081FCFD2E20041505E /* ViewController.swift */; };
		28AA100C1FCFD2E20041505E /* Main.storyboard in Resources */ = {isa = PBXBuildFile; fileRef = 28AA100A1FCFD2E20041505E /* Main.storyboard */; };
		28AA100E1FCFD2E20041505E /* Assets.xcassets in Resources */ = {isa = PBXBuildFile; fileRef = 28AA100D1FCFD2E20041505E /* Assets.xcassets */; };
		28AA10111FCFD2E20041505E /* LaunchScreen.storyboard in Resources */ = {isa = PBXBuildFile; fileRef = 28AA100F1FCFD2E20041505E /* LaunchScreen.storyboard */; };
		28AA10191FCFD34D0041505E /* WCMeterSldier.swift in Sources */ = {isa = PBXBuildFile; fileRef = 28AA10181FCFD34D0041505E /* WCMeterSldier.swift */; };
		28AA10491FCFFE660041505E /* sliderbarMaskVertical.png in Resources */ = {isa = PBXBuildFile; fileRef = 28AA10471FCFFE660041505E /* sliderbarMaskVertical.png */; };
		28AA104C1FD0094F0041505E /* sliderbarVertical.png in Resources */ = {isa = PBXBuildFile; fileRef = 28AA104B1FD0094F0041505E /* sliderbarVertical.png */; };
/* End PBXBuildFile section */

/* Begin PBXFileReference section */
		28AA10031FCFD2E20041505E /* WCMeter.app */ = {isa = PBXFileReference; explicitFileType = wrapper.application; includeInIndex = 0; path = WCMeter.app; sourceTree = BUILT_PRODUCTS_DIR; };
		28AA10061FCFD2E20041505E /* AppDelegate.swift */ = {isa = PBXFileReference; lastKnownFileType = sourcecode.swift; path = AppDelegate.swift; sourceTree = "<group>"; };
		28AA10081FCFD2E20041505E /* ViewController.swift */ = {isa = PBXFileReference; lastKnownFileType = sourcecode.swift; path = ViewController.swift; sourceTree = "<group>"; };
		28AA100B1FCFD2E20041505E /* Base */ = {isa = PBXFileReference; lastKnownFileType = file.storyboard; name = Base; path = Base.lproj/Main.storyboard; sourceTree = "<group>"; };
		28AA100D1FCFD2E20041505E /* Assets.xcassets */ = {isa = PBXFileReference; lastKnownFileType = folder.assetcatalog; path = Assets.xcassets; sourceTree = "<group>"; };
		28AA10101FCFD2E20041505E /* Base */ = {isa = PBXFileReference; lastKnownFileType = file.storyboard; name = Base; path = Base.lproj/LaunchScreen.storyboard; sourceTree = "<group>"; };
		28AA10121FCFD2E20041505E /* Info.plist */ = {isa = PBXFileReference; lastKnownFileType = text.plist.xml; path = Info.plist; sourceTree = "<group>"; };
		28AA10181FCFD34D0041505E /* WCMeterSldier.swift */ = {isa = PBXFileReference; lastKnownFileType = sourcecode.swift; path = WCMeterSldier.swift; sourceTree = "<group>"; };
		28AA10471FCFFE660041505E /* sliderbarMaskVertical.png */ = {isa = PBXFileReference; lastKnownFileType = image.png; path = sliderbarMaskVertical.png; sourceTree = "<group>"; };
		28AA104B1FD0094F0041505E /* sliderbarVertical.png */ = {isa = PBXFileReference; lastKnownFileType = image.png; path = sliderbarVertical.png; sourceTree = "<group>"; };
/* End PBXFileReference section */

/* Begin PBXFrameworksBuildPhase section */
		28AA10001FCFD2E20041505E /* Frameworks */ = {
			isa = PBXFrameworksBuildPhase;
			buildActionMask = 2147483647;
			files = (
			);
			runOnlyForDeploymentPostprocessing = 0;
		};
/* End PBXFrameworksBuildPhase section */

/* Begin PBXGroup section */
		28AA0FFA1FCFD2E20041505E = {
			isa = PBXGroup;
			children = (
				28AA10051FCFD2E20041505E /* WCMeter */,
				28AA10041FCFD2E20041505E /* Products */,
			);
			sourceTree = "<group>";
		};
		28AA10041FCFD2E20041505E /* Products */ = {
			isa = PBXGroup;
			children = (
				28AA10031FCFD2E20041505E /* WCMeter.app */,
			);
			name = Products;
			sourceTree = "<group>";
		};
		28AA10051FCFD2E20041505E /* WCMeter */ = {
			isa = PBXGroup;
			children = (
				28AA10061FCFD2E20041505E /* AppDelegate.swift */,
				28AA10081FCFD2E20041505E /* ViewController.swift */,
				28AA100A1FCFD2E20041505E /* Main.storyboard */,
				28AA100D1FCFD2E20041505E /* Assets.xcassets */,
				28AA100F1FCFD2E20041505E /* LaunchScreen.storyboard */,
				28AA10121FCFD2E20041505E /* Info.plist */,
				28AA101A1FCFD3560041505E /* WCMeterSlider */,
			);
			path = WCMeter;
			sourceTree = "<group>";
		};
		28AA101A1FCFD3560041505E /* WCMeterSlider */ = {
			isa = PBXGroup;
			children = (
				28AA104B1FD0094F0041505E /* sliderbarVertical.png */,
				28AA10181FCFD34D0041505E /* WCMeterSldier.swift */,
				28AA10471FCFFE660041505E /* sliderbarMaskVertical.png */,
			);
			path = WCMeterSlider;
			sourceTree = "<group>";
		};
/* End PBXGroup section */

/* Begin PBXNativeTarget section */
		28AA10021FCFD2E20041505E /* WCMeter */ = {
			isa = PBXNativeTarget;
			buildConfigurationList = 28AA10151FCFD2E20041505E /* Build configuration list for PBXNativeTarget "WCMeter" */;
			buildPhases = (
				28AA0FFF1FCFD2E20041505E /* Sources */,
				28AA10001FCFD2E20041505E /* Frameworks */,
				28AA10011FCFD2E20041505E /* Resources */,
			);
			buildRules = (
			);
			dependencies = (
			);
			name = WCMeter;
			productName = WCMeter;
			productReference = 28AA10031FCFD2E20041505E /* WCMeter.app */;
			productType = "com.apple.product-type.application";
		};
/* End PBXNativeTarget section */

/* Begin PBXProject section */
		28AA0FFB1FCFD2E20041505E /* Project object */ = {
			isa = PBXProject;
			attributes = {
				LastSwiftUpdateCheck = 0910;
				LastUpgradeCheck = 0910;
				ORGANIZATIONNAME = wanchen;
				TargetAttributes = {
					28AA10021FCFD2E20041505E = {
						CreatedOnToolsVersion = 9.1;
						ProvisioningStyle = Automatic;
					};
				};
			};
			buildConfigurationList = 28AA0FFE1FCFD2E20041505E /* Build configuration list for PBXProject "WCMeter" */;
			compatibilityVersion = "Xcode 8.0";
			developmentRegion = en;
			hasScannedForEncodings = 0;
			knownRegions = (
				en,
				Base,
			);
			mainGroup = 28AA0FFA1FCFD2E20041505E;
			productRefGroup = 28AA10041FCFD2E20041505E /* Products */;
			projectDirPath = "";
			projectRoot = "";
			targets = (
				28AA10021FCFD2E20041505E /* WCMeter */,
			);
		};
/* End PBXProject section */

/* Begin PBXResourcesBuildPhase section */
		28AA10011FCFD2E20041505E /* Resources */ = {
			isa = PBXResourcesBuildPhase;
			buildActionMask = 2147483647;
			files = (
				28AA10111FCFD2E20041505E /* LaunchScreen.storyboard in Resources */,
				28AA104C1FD0094F0041505E /* sliderbarVertical.png in Resources */,
				28AA100E1FCFD2E20041505E /* Assets.xcassets in Resources */,
				28AA10491FCFFE660041505E /* sliderbarMaskVertical.png in Resources */,
				28AA100C1FCFD2E20041505E /* Main.storyboard in Resources */,
			);
			runOnlyForDeploymentPostprocessing = 0;
		};
/* End PBXResourcesBuildPhase section */

/* Begin PBXSourcesBuildPhase section */
		28AA0FFF1FCFD2E20041505E /* Sources */ = {
			isa = PBXSourcesBuildPhase;
			buildActionMask = 2147483647;
			files = (
				28AA10191FCFD34D0041505E /* WCMeterSldier.swift in Sources */,
				28AA10091FCFD2E20041505E /* ViewController.swift in Sources */,
				28AA10071FCFD2E20041505E /* AppDelegate.swift in Sources */,
			);
			runOnlyForDeploymentPostprocessing = 0;
		};
/* End PBXSourcesBuildPhase section */

/* Begin PBXVariantGroup section */
		28AA100A1FCFD2E20041505E /* Main.storyboard */ = {
			isa = PBXVariantGroup;
			children = (
				28AA100B1FCFD2E20041505E /* Base */,
			);
			name = Main.storyboard;
			sourceTree = "<group>";
		};
		28AA100F1FCFD2E20041505E /* LaunchScreen.storyboard */ = {
			isa = PBXVariantGroup;
			children = (
				28AA10101FCFD2E20041505E /* Base */,
			);
			name = LaunchScreen.storyboard;
			sourceTree = "<group>";
		};
/* End PBXVariantGroup section */

/* Begin XCBuildConfiguration section */
		28AA10131FCFD2E20041505E /* Debug */ = {
			isa = XCBuildConfiguration;
			buildSettings = {
				ALWAYS_SEARCH_USER_PATHS = NO;
				CLANG_ANALYZER_NONNULL = YES;
				CLANG_ANALYZER_NUMBER_OBJECT_CONVERSION = YES_AGGRESSIVE;
				CLANG_CXX_LANGUAGE_STANDARD = "gnu++14";
				CLANG_CXX_LIBRARY = "libc++";
				CLANG_ENABLE_MODULES = YES;
				CLANG_ENABLE_OBJC_ARC = YES;
				CLANG_WARN_BLOCK_CAPTURE_AUTORELEASING = YES;
				CLANG_WARN_BOOL_CONVERSION = YES;
				CLANG_WARN_COMMA = YES;
				CLANG_WARN_CONSTANT_CONVERSION = YES;
				CLANG_WARN_DIRECT_OBJC_ISA_USAGE = YES_ERROR;
				CLANG_WARN_DOCUMENTATION_COMMENTS = YES;
				CLANG_WARN_EMPTY_BODY = YES;
				CLANG_WARN_ENUM_CONVERSION = YES;
				CLANG_WARN_INFINITE_RECURSION = YES;
				CLANG_WARN_INT_CONVERSION = YES;
				CLANG_WARN_NON_LITERAL_NULL_CONVERSION = YES;
				CLANG_WARN_OBJC_LITERAL_CONVERSION = YES;
				CLANG_WARN_OBJC_ROOT_CLASS = YES_ERROR;
				CLANG_WARN_RANGE_LOOP_ANALYSIS = YES;
				CLANG_WARN_STRICT_PROTOTYPES = YES;
				CLANG_WARN_SUSPICIOUS_MOVE = YES;
				CLANG_WARN_UNGUARDED_AVAILABILITY = YES_AGGRESSIVE;
				CLANG_WARN_UNREACHABLE_CODE = YES;
				CLANG_WARN__DUPLICATE_METHOD_MATCH = YES;
				CODE_SIGN_IDENTITY = "iPhone Developer";
				COPY_PHASE_STRIP = NO;
				DEBUG_INFORMATION_FORMAT = dwarf;
				ENABLE_STRICT_OBJC_MSGSEND = YES;
				ENABLE_TESTABILITY = YES;
				GCC_C_LANGUAGE_STANDARD = gnu11;
				GCC_DYNAMIC_NO_PIC = NO;
				GCC_NO_COMMON_BLOCKS = YES;
				GCC_OPTIMIZATION_LEVEL = 0;
				GCC_PREPROCESSOR_DEFINITIONS = (
					"DEBUG=1",
					"$(inherited)",
				);
				GCC_WARN_64_TO_32_BIT_CONVERSION = YES;
				GCC_WARN_ABOUT_RETURN_TYPE = YES_ERROR;
				GCC_WARN_UNDECLARED_SELECTOR = YES;
				GCC_WARN_UNINITIALIZED_AUTOS = YES_AGGRESSIVE;
				GCC_WARN_UNUSED_FUNCTION = YES;
				GCC_WARN_UNUSED_VARIABLE = YES;
				IPHONEOS_DEPLOYMENT_TARGET = 11.1;
				MTL_ENABLE_DEBUG_INFO = YES;
				ONLY_ACTIVE_ARCH = YES;
				SDKROOT = iphoneos;
				SWIFT_ACTIVE_COMPILATION_CONDITIONS = DEBUG;
				SWIFT_OPTIMIZATION_LEVEL = "-Onone";
			};
			name = Debug;
		};
		28AA10141FCFD2E20041505E /* Release */ = {
			isa = XCBuildConfiguration;
			buildSettings = {
				ALWAYS_SEARCH_USER_PATHS = NO;
				CLANG_ANALYZER_NONNULL = YES;
				CLANG_ANALYZER_NUMBER_OBJECT_CONVERSION = YES_AGGRESSIVE;
				CLANG_CXX_LANGUAGE_STANDARD = "gnu++14";
				CLANG_CXX_LIBRARY = "libc++";
				CLANG_ENABLE_MODULES = YES;
				CLANG_ENABLE_OBJC_ARC = YES;
				CLANG_WARN_BLOCK_CAPTURE_AUTORELEASING = YES;
				CLANG_WARN_BOOL_CONVERSION = YES;
				CLANG_WARN_COMMA = YES;
				CLANG_WARN_CONSTANT_CONVERSION = YES;
				CLANG_WARN_DIRECT_OBJC_ISA_USAGE = YES_ERROR;
				CLANG_WARN_DOCUMENTATION_COMMENTS = YES;
				CLANG_WARN_EMPTY_BODY = YES;
				CLANG_WARN_ENUM_CONVERSION = YES;
				CLANG_WARN_INFINITE_RECURSION = YES;
				CLANG_WARN_INT_CONVERSION = YES;
				CLANG_WARN_NON_LITERAL_NULL_CONVERSION = YES;
				CLANG_WARN_OBJC_LITERAL_CONVERSION = YES;
				CLANG_WARN_OBJC_ROOT_CLASS = YES_ERROR;
				CLANG_WARN_RANGE_LOOP_ANALYSIS = YES;
				CLANG_WARN_STRICT_PROTOTYPES = YES;
				CLANG_WARN_SUSPICIOUS_MOVE = YES;
				CLANG_WARN_UNGUARDED_AVAILABILITY = YES_AGGRESSIVE;
				CLANG_WARN_UNREACHABLE_CODE = YES;
				CLANG_WARN__DUPLICATE_METHOD_MATCH = YES;
				CODE_SIGN_IDENTITY = "iPhone Developer";
				COPY_PHASE_STRIP = NO;
				DEBUG_INFORMATION_FORMAT = "dwarf-with-dsym";
				ENABLE_NS_ASSERTIONS = NO;
				ENABLE_STRICT_OBJC_MSGSEND = YES;
				GCC_C_LANGUAGE_STANDARD = gnu11;
				GCC_NO_COMMON_BLOCKS = YES;
				GCC_WARN_64_TO_32_BIT_CONVERSION = YES;
				GCC_WARN_ABOUT_RETURN_TYPE = YES_ERROR;
				GCC_WARN_UNDECLARED_SELECTOR = YES;
				GCC_WARN_UNINITIALIZED_AUTOS = YES_AGGRESSIVE;
				GCC_WARN_UNUSED_FUNCTION = YES;
				GCC_WARN_UNUSED_VARIABLE = YES;
				IPHONEOS_DEPLOYMENT_TARGET = 11.1;
				MTL_ENABLE_DEBUG_INFO = NO;
				SDKROOT = iphoneos;
				SWIFT_OPTIMIZATION_LEVEL = "-Owholemodule";
				VALIDATE_PRODUCT = YES;
			};
			name = Release;
		};
		28AA10161FCFD2E20041505E /* Debug */ = {
			isa = XCBuildConfiguration;
			buildSettings = {
				ASSETCATALOG_COMPILER_APPICON_NAME = AppIcon;
				CODE_SIGN_STYLE = Automatic;
				DEVELOPMENT_TEAM = WAF35623UN;
				INFOPLIST_FILE = WCMeter/Info.plist;
				IPHONEOS_DEPLOYMENT_TARGET = 8.0;
				LD_RUNPATH_SEARCH_PATHS = "$(inherited) @executable_path/Frameworks";
				PRODUCT_BUNDLE_IDENTIFIER = com.gpe.WCMeter;
				PRODUCT_NAME = "$(TARGET_NAME)";
				SWIFT_VERSION = 4.0;
				TARGETED_DEVICE_FAMILY = "1,2";
			};
			name = Debug;
		};
		28AA10171FCFD2E20041505E /* Release */ = {
			isa = XCBuildConfiguration;
			buildSettings = {
				ASSETCATALOG_COMPILER_APPICON_NAME = AppIcon;
				CODE_SIGN_STYLE = Automatic;
				DEVELOPMENT_TEAM = WAF35623UN;
				INFOPLIST_FILE = WCMeter/Info.plist;
				IPHONEOS_DEPLOYMENT_TARGET = 8.0;
				LD_RUNPATH_SEARCH_PATHS = "$(inherited) @executable_path/Frameworks";
				PRODUCT_BUNDLE_IDENTIFIER = com.gpe.WCMeter;
				PRODUCT_NAME = "$(TARGET_NAME)";
				SWIFT_VERSION = 4.0;
				TARGETED_DEVICE_FAMILY = "1,2";
			};
			name = Release;
		};
/* End XCBuildConfiguration section */

/* Begin XCConfigurationList section */
		28AA0FFE1FCFD2E20041505E /* Build configuration list for PBXProject "WCMeter" */ = {
			isa = XCConfigurationList;
			buildConfigurations = (
				28AA10131FCFD2E20041505E /* Debug */,
				28AA10141FCFD2E20041505E /* Release */,
			);
			defaultConfigurationIsVisible = 0;
			defaultConfigurationName = Release;
		};
		28AA10151FCFD2E20041505E /* Build configuration list for PBXNativeTarget "WCMeter" */ = {
			isa = XCConfigurationList;
			buildConfigurations = (
				28AA10161FCFD2E20041505E /* Debug */,
				28AA10171FCFD2E20041505E /* Release */,
			);
			defaultConfigurationIsVisible = 0;
			defaultConfigurationName = Release;
		};
/* End XCConfigurationList section */
	};
	rootObject = 28AA0FFB1FCFD2E20041505E /* Project object */;
}
